
Microsoft Visual Studio Solution File, Format Version 12.00
# Visual Studio Version 17
VisualStudioVersion = 17.0.31903.59
MinimumVisualStudioVersion = 10.0.40219.1
Project("{2150E333-8FDC-42A3-9474-1A3956D46DE8}") = "Orchestrator", "Orchestrator", "{36D591C7-65C7-A0D1-1CBC-10CDE441BDC8}"
EndProject
Project("{FAE04EC0-301F-11D3-BF4B-00C04F79EFBC}") = "OrchestrPatterns.Application", "Orchestrator\OrchestrPatterns.Application\OrchestrPatterns.Application.csproj", "{6B5105A3-ED38-FE0F-BC2B-7590D34EDFB9}"
EndProject
Project("{FAE04EC0-301F-11D3-BF4B-00C04F79EFBC}") = "OrchestrPatterns.Domain", "Orchestrator\OrchestrPatterns.Domain\OrchestrPatterns.Domain.csproj", "{D06D686E-871A-2153-E55B-C8C388376455}"
EndProject
Project("{FAE04EC0-301F-11D3-BF4B-00C04F79EFBC}") = "LlmService", "LlmService\LlmService.csproj", "{8A3393AF-2DB8-3FEC-FEEE-38E59BDEE7BD}"
EndProject
Project("{FAE04EC0-301F-11D3-BF4B-00C04F79EFBC}") = "AuthService", "AuthService\AuthService.csproj", "{6CDAB7B3-DE4F-6FF5-06F0-D824F083F1AF}"
EndProject
Project("{FAE04EC0-301F-11D3-BF4B-00C04F79EFBC}") = "UserSvcStub", "UserService\UserSvcStub.csproj", "{15F3E361-11D7-3484-0E54-D340CA10FF6D}"
EndProject
Project("{FAE04EC0-301F-11D3-BF4B-00C04F79EFBC}") = "SmartLearning.Contracts", "SmartLearning.Contracts\SmartLearning.Contracts.csproj", "{A518198D-70CF-4ABB-A4D7-41D839F5B73E}"
EndProject
Project("{FAE04EC0-301F-11D3-BF4B-00C04F79EFBC}") = "GatewayPatterns", "GatewayPatterns\GatewayPatterns.csproj", "{D5159496-AC62-C0E9-688D-3CF8D518967E}"
EndProject
Project("{FAE04EC0-301F-11D3-BF4B-00C04F79EFBC}") = "MinIoStub", "MinIoStub\MinIoStub.csproj", "{A683B0BF-F25D-444D-AF07-824BBE6FE7E4}"
EndProject
Project("{FAE04EC0-301F-11D3-BF4B-00C04F79EFBC}") = "CompilerSevice", "CompilerSevice\CompilerSevice.csproj", "{06907A6D-F5B1-48BD-9798-9F5F5194B97D}"
EndProject
Project("{FAE04EC0-301F-11D3-BF4B-00C04F79EFBC}") = "ProgressService", "ProgressService\ProgressService.csproj", "{78580638-1A2C-48C5-B393-EEFCD3981E00}"
EndProject
Project("{2150E333-8FDC-42A3-9474-1A3956D46DE8}") = "Элементы решения", "Элементы решения", "{754FC069-D67B-A9D7-50A1-8D1CA196D8F1}"
	ProjectSection(SolutionItems) = preProject
		.dockerignore = .dockerignore
		00-create-dbs.sh = 00-create-dbs.sh
		20-patternsminio.psql = 20-patternsminio.psql
		20-schema.psql = 20-schema.psql
		30-init-minio.sh = 30-init-minio.sh
		docker-compose.yml = docker-compose.yml
		Dockerfile = Dockerfile
		entrypoint.sh = entrypoint.sh
	EndProjectSection
EndProject
Project("{FAE04EC0-301F-11D3-BF4B-00C04F79EFBC}") = "ObjectStorageService", "ObjectStorageService\ObjectStorageService.csproj", "{99D45FCE-2461-4D8E-BAF7-54B291966DC2}"
EndProject
Project("{FAE04EC0-301F-11D3-BF4B-00C04F79EFBC}") = "ReflectionService.Domain", "ReflectionService.Domain\ReflectionService.Domain.csproj", "{E641F1AD-6CCA-4672-BCF0-A79CC34DFCF8}"
EndProject
Project("{FAE04EC0-301F-11D3-BF4B-00C04F79EFBC}") = "ReflectionService.Application", "ReflectionService.Application\ReflectionService.Application.csproj", "{0F6784A3-2CC3-BA3B-A3D0-F868C8CDBAFA}"
EndProject
Global
	GlobalSection(SolutionConfigurationPlatforms) = preSolution
		Debug|Any CPU = Debug|Any CPU
		Release|Any CPU = Release|Any CPU
	EndGlobalSection
	GlobalSection(ProjectConfigurationPlatforms) = postSolution
		{6B5105A3-ED38-FE0F-BC2B-7590D34EDFB9}.Debug|Any CPU.ActiveCfg = Debug|Any CPU
		{6B5105A3-ED38-FE0F-BC2B-7590D34EDFB9}.Debug|Any CPU.Build.0 = Debug|Any CPU
		{6B5105A3-ED38-FE0F-BC2B-7590D34EDFB9}.Release|Any CPU.ActiveCfg = Release|Any CPU
		{6B5105A3-ED38-FE0F-BC2B-7590D34EDFB9}.Release|Any CPU.Build.0 = Release|Any CPU
		{D06D686E-871A-2153-E55B-C8C388376455}.Debug|Any CPU.ActiveCfg = Debug|Any CPU
		{D06D686E-871A-2153-E55B-C8C388376455}.Debug|Any CPU.Build.0 = Debug|Any CPU
		{D06D686E-871A-2153-E55B-C8C388376455}.Release|Any CPU.ActiveCfg = Release|Any CPU
		{D06D686E-871A-2153-E55B-C8C388376455}.Release|Any CPU.Build.0 = Release|Any CPU
		{8A3393AF-2DB8-3FEC-FEEE-38E59BDEE7BD}.Debug|Any CPU.ActiveCfg = Debug|Any CPU
		{8A3393AF-2DB8-3FEC-FEEE-38E59BDEE7BD}.Debug|Any CPU.Build.0 = Debug|Any CPU
		{8A3393AF-2DB8-3FEC-FEEE-38E59BDEE7BD}.Release|Any CPU.ActiveCfg = Release|Any CPU
		{8A3393AF-2DB8-3FEC-FEEE-38E59BDEE7BD}.Release|Any CPU.Build.0 = Release|Any CPU
		{6CDAB7B3-DE4F-6FF5-06F0-D824F083F1AF}.Debug|Any CPU.ActiveCfg = Debug|Any CPU
		{6CDAB7B3-DE4F-6FF5-06F0-D824F083F1AF}.Debug|Any CPU.Build.0 = Debug|Any CPU
		{6CDAB7B3-DE4F-6FF5-06F0-D824F083F1AF}.Release|Any CPU.ActiveCfg = Release|Any CPU
		{6CDAB7B3-DE4F-6FF5-06F0-D824F083F1AF}.Release|Any CPU.Build.0 = Release|Any CPU
		{15F3E361-11D7-3484-0E54-D340CA10FF6D}.Debug|Any CPU.ActiveCfg = Debug|Any CPU
		{15F3E361-11D7-3484-0E54-D340CA10FF6D}.Debug|Any CPU.Build.0 = Debug|Any CPU
		{15F3E361-11D7-3484-0E54-D340CA10FF6D}.Release|Any CPU.ActiveCfg = Release|Any CPU
		{15F3E361-11D7-3484-0E54-D340CA10FF6D}.Release|Any CPU.Build.0 = Release|Any CPU
		{A518198D-70CF-4ABB-A4D7-41D839F5B73E}.Debug|Any CPU.ActiveCfg = Debug|Any CPU
		{A518198D-70CF-4ABB-A4D7-41D839F5B73E}.Debug|Any CPU.Build.0 = Debug|Any CPU
		{A518198D-70CF-4ABB-A4D7-41D839F5B73E}.Release|Any CPU.ActiveCfg = Release|Any CPU
		{A518198D-70CF-4ABB-A4D7-41D839F5B73E}.Release|Any CPU.Build.0 = Release|Any CPU
		{D5159496-AC62-C0E9-688D-3CF8D518967E}.Debug|Any CPU.ActiveCfg = Debug|Any CPU
		{D5159496-AC62-C0E9-688D-3CF8D518967E}.Debug|Any CPU.Build.0 = Debug|Any CPU
		{D5159496-AC62-C0E9-688D-3CF8D518967E}.Release|Any CPU.ActiveCfg = Release|Any CPU
		{D5159496-AC62-C0E9-688D-3CF8D518967E}.Release|Any CPU.Build.0 = Release|Any CPU
		{A683B0BF-F25D-444D-AF07-824BBE6FE7E4}.Debug|Any CPU.ActiveCfg = Debug|Any CPU
		{A683B0BF-F25D-444D-AF07-824BBE6FE7E4}.Debug|Any CPU.Build.0 = Debug|Any CPU
		{A683B0BF-F25D-444D-AF07-824BBE6FE7E4}.Release|Any CPU.ActiveCfg = Release|Any CPU
		{A683B0BF-F25D-444D-AF07-824BBE6FE7E4}.Release|Any CPU.Build.0 = Release|Any CPU
		{06907A6D-F5B1-48BD-9798-9F5F5194B97D}.Debug|Any CPU.ActiveCfg = Debug|Any CPU
		{06907A6D-F5B1-48BD-9798-9F5F5194B97D}.Debug|Any CPU.Build.0 = Debug|Any CPU
		{06907A6D-F5B1-48BD-9798-9F5F5194B97D}.Release|Any CPU.ActiveCfg = Release|Any CPU
		{06907A6D-F5B1-48BD-9798-9F5F5194B97D}.Release|Any CPU.Build.0 = Release|Any CPU
		{78580638-1A2C-48C5-B393-EEFCD3981E00}.Debug|Any CPU.ActiveCfg = Debug|Any CPU
		{78580638-1A2C-48C5-B393-EEFCD3981E00}.Debug|Any CPU.Build.0 = Debug|Any CPU
		{78580638-1A2C-48C5-B393-EEFCD3981E00}.Release|Any CPU.ActiveCfg = Release|Any CPU
		{78580638-1A2C-48C5-B393-EEFCD3981E00}.Release|Any CPU.Build.0 = Release|Any CPU
		{99D45FCE-2461-4D8E-BAF7-54B291966DC2}.Debug|Any CPU.ActiveCfg = Debug|Any CPU
		{99D45FCE-2461-4D8E-BAF7-54B291966DC2}.Debug|Any CPU.Build.0 = Debug|Any CPU
		{99D45FCE-2461-4D8E-BAF7-54B291966DC2}.Release|Any CPU.ActiveCfg = Release|Any CPU
		{99D45FCE-2461-4D8E-BAF7-54B291966DC2}.Release|Any CPU.Build.0 = Release|Any CPU
		{E641F1AD-6CCA-4672-BCF0-A79CC34DFCF8}.Debug|Any CPU.ActiveCfg = Debug|Any CPU
		{E641F1AD-6CCA-4672-BCF0-A79CC34DFCF8}.Debug|Any CPU.Build.0 = Debug|Any CPU
		{E641F1AD-6CCA-4672-BCF0-A79CC34DFCF8}.Release|Any CPU.ActiveCfg = Release|Any CPU
		{E641F1AD-6CCA-4672-BCF0-A79CC34DFCF8}.Release|Any CPU.Build.0 = Release|Any CPU
		{0F6784A3-2CC3-BA3B-A3D0-F868C8CDBAFA}.Debug|Any CPU.ActiveCfg = Debug|Any CPU
		{0F6784A3-2CC3-BA3B-A3D0-F868C8CDBAFA}.Debug|Any CPU.Build.0 = Debug|Any CPU
		{0F6784A3-2CC3-BA3B-A3D0-F868C8CDBAFA}.Release|Any CPU.ActiveCfg = Release|Any CPU
		{0F6784A3-2CC3-BA3B-A3D0-F868C8CDBAFA}.Release|Any CPU.Build.0 = Release|Any CPU
	EndGlobalSection
	GlobalSection(SolutionProperties) = preSolution
		HideSolutionNode = FALSE
	EndGlobalSection
	GlobalSection(NestedProjects) = preSolution
		{6B5105A3-ED38-FE0F-BC2B-7590D34EDFB9} = {36D591C7-65C7-A0D1-1CBC-10CDE441BDC8}
		{D06D686E-871A-2153-E55B-C8C388376455} = {36D591C7-65C7-A0D1-1CBC-10CDE441BDC8}
	EndGlobalSection
	GlobalSection(ExtensibilityGlobals) = postSolution
		SolutionGuid = {DAB1BD21-B62E-4119-AF65-3459797D67F8}
	EndGlobalSection
EndGlobal
